
Microsoft Visual Studio Solution File, Format Version 12.00
# Visual Studio Version 16
VisualStudioVersion = 16.0.30225.117
MinimumVisualStudioVersion = 10.0.40219.1
Project("{FAE04EC0-301F-11D3-BF4B-00C04F79EFBC}") = "WebApiDemoServices", "WebApiDemoServices\WebApiDemoServices.csproj", "{DADB5C00-E54E-4F9A-8966-EA5E459A0143}"
EndProject
Project("{FAE04EC0-301F-11D3-BF4B-00C04F79EFBC}") = "UserDataAccess", "UserDataAccess\UserDataAccess.csproj", "{01C3007C-27FF-4AAD-96B3-50B0BE3A71A7}"
EndProject
Global
	GlobalSection(SolutionConfigurationPlatforms) = preSolution
		Debug|Any CPU = Debug|Any CPU
		Release|Any CPU = Release|Any CPU
	EndGlobalSection
	GlobalSection(ProjectConfigurationPlatforms) = postSolution
		{DADB5C00-E54E-4F9A-8966-EA5E459A0143}.Debug|Any CPU.ActiveCfg = Debug|Any CPU
		{DADB5C00-E54E-4F9A-8966-EA5E459A0143}.Debug|Any CPU.Build.0 = Debug|Any CPU
		{DADB5C00-E54E-4F9A-8966-EA5E459A0143}.Release|Any CPU.ActiveCfg = Release|Any CPU
		{DADB5C00-E54E-4F9A-8966-EA5E459A0143}.Release|Any CPU.Build.0 = Release|Any CPU
		{01C3007C-27FF-4AAD-96B3-50B0BE3A71A7}.Debug|Any CPU.ActiveCfg = Debug|Any CPU
		{01C3007C-27FF-4AAD-96B3-50B0BE3A71A7}.Debug|Any CPU.Build.0 = Debug|Any CPU
		{01C3007C-27FF-4AAD-96B3-50B0BE3A71A7}.Release|Any CPU.ActiveCfg = Release|Any CPU
		{01C3007C-27FF-4AAD-96B3-50B0BE3A71A7}.Release|Any CPU.Build.0 = Release|Any CPU
	EndGlobalSection
	GlobalSection(SolutionProperties) = preSolution
		HideSolutionNode = FALSE
	EndGlobalSection
	GlobalSection(ExtensibilityGlobals) = postSolution
		SolutionGuid = {F4879D54-D0B3-41BB-BC8B-C34CE994472F}
	EndGlobalSection
EndGlobal
